// !$*UTF8*$!
{
	archiveVersion = 1;
	classes = {
	};
	objectVersion = 46;
	objects = {

/* Begin PBXBuildFile section */
		A6787C9FBDC43EEDCD9C7004 /* libPods-JerryBeautyPic.a in Frameworks */ = {isa = PBXBuildFile; fileRef = E78C3B833E8020D95F3B9610 /* libPods-JerryBeautyPic.a */; };
		C40013A11CC3E88600B05939 /* InternetTool.m in Sources */ = {isa = PBXBuildFile; fileRef = C40013A01CC3E88600B05939 /* InternetTool.m */; };
		C40013A41CC3EBC900B05939 /* Reachability.m in Sources */ = {isa = PBXBuildFile; fileRef = C40013A31CC3EBC900B05939 /* Reachability.m */; };
		C40013AA1CC7E96500B05939 /* LoadingAnimation.m in Sources */ = {isa = PBXBuildFile; fileRef = C40013A91CC7E96500B05939 /* LoadingAnimation.m */; };
		C42F002C1CA43EE800A67FC7 /* FavoritesListViewController.m in Sources */ = {isa = PBXBuildFile; fileRef = C42F002B1CA43EE800A67FC7 /* FavoritesListViewController.m */; };
		C47F64681C956B7B0065FC83 /* main.m in Sources */ = {isa = PBXBuildFile; fileRef = C47F64671C956B7B0065FC83 /* main.m */; };
		C47F646B1C956B7B0065FC83 /* AppDelegate.m in Sources */ = {isa = PBXBuildFile; fileRef = C47F646A1C956B7B0065FC83 /* AppDelegate.m */; };
		C47F646E1C956B7B0065FC83 /* ViewController.m in Sources */ = {isa = PBXBuildFile; fileRef = C47F646D1C956B7B0065FC83 /* ViewController.m */; };
		C47F64711C956B7B0065FC83 /* Main.storyboard in Resources */ = {isa = PBXBuildFile; fileRef = C47F646F1C956B7B0065FC83 /* Main.storyboard */; };
		C47F64731C956B7B0065FC83 /* i.xcassets in Resources */ = {isa = PBXBuildFile; fileRef = C47F64721C956B7B0065FC83 /* i.xcassets */; };
		C47F64761C956B7B0065FC83 /* LaunchScreen.storyboard in Resources */ = {isa = PBXBuildFile; fileRef = C47F64741C956B7B0065FC83 /* LaunchScreen.storyboard */; };
		C488EF921CA042D200FBADB2 /* ImageBlockModel.m in Sources */ = {isa = PBXBuildFile; fileRef = C488EF911CA042D200FBADB2 /* ImageBlockModel.m */; };
		C488EF971CA06CBA00FBADB2 /* PishumToast.m in Sources */ = {isa = PBXBuildFile; fileRef = C488EF961CA06CBA00FBADB2 /* PishumToast.m */; };
		C488EF9B1CA0701C00FBADB2 /* AMTumblrHud.m in Sources */ = {isa = PBXBuildFile; fileRef = C488EF9A1CA0701C00FBADB2 /* AMTumblrHud.m */; };
		C498CE541C9B26F000985A2D /* Podfile in Resources */ = {isa = PBXBuildFile; fileRef = C498CE531C9B26F000985A2D /* Podfile */; };
		C4ADCE101C9F021F00136ECD /* UIColor+Hex.m in Sources */ = {isa = PBXBuildFile; fileRef = C4ADCE0F1C9F021F00136ECD /* UIColor+Hex.m */; };
		C4ADCE131C9F046F00136ECD /* BigImageViewController.m in Sources */ = {isa = PBXBuildFile; fileRef = C4ADCE121C9F046F00136ECD /* BigImageViewController.m */; };
		C4EEA3041CA1AFD8001B1B93 /* FileOperationHelper.m in Sources */ = {isa = PBXBuildFile; fileRef = C4EEA3031CA1AFD8001B1B93 /* FileOperationHelper.m */; };
		C4EEA30B1CA1C78D001B1B93 /* InfoImageView.m in Sources */ = {isa = PBXBuildFile; fileRef = C4EEA30A1CA1C78D001B1B93 /* InfoImageView.m */; };
/* End PBXBuildFile section */

/* Begin PBXFileReference section */
		C400139D1CC3E70700B05939 /* SystemConfiguration.framework */ = {isa = PBXFileReference; lastKnownFileType = wrapper.framework; name = SystemConfiguration.framework; path = System/Library/Frameworks/SystemConfiguration.framework; sourceTree = SDKROOT; };
		C400139F1CC3E88600B05939 /* InternetTool.h */ = {isa = PBXFileReference; fileEncoding = 4; lastKnownFileType = sourcecode.c.h; path = InternetTool.h; sourceTree = "<group>"; };
		C40013A01CC3E88600B05939 /* InternetTool.m */ = {isa = PBXFileReference; fileEncoding = 4; lastKnownFileType = sourcecode.c.objc; path = InternetTool.m; sourceTree = "<group>"; };
		C40013A21CC3EBC900B05939 /* Reachability.h */ = {isa = PBXFileReference; fileEncoding = 4; lastKnownFileType = sourcecode.c.h; path = Reachability.h; sourceTree = "<group>"; };
		C40013A31CC3EBC900B05939 /* Reachability.m */ = {isa = PBXFileReference; fileEncoding = 4; lastKnownFileType = sourcecode.c.objc; path = Reachability.m; sourceTree = "<group>"; };
		C40013A81CC7E96500B05939 /* LoadingAnimation.h */ = {isa = PBXFileReference; fileEncoding = 4; lastKnownFileType = sourcecode.c.h; path = LoadingAnimation.h; sourceTree = "<group>"; };
		C40013A91CC7E96500B05939 /* LoadingAnimation.m */ = {isa = PBXFileReference; fileEncoding = 4; lastKnownFileType = sourcecode.c.objc; path = LoadingAnimation.m; sourceTree = "<group>"; };
		C42F002A1CA43EE800A67FC7 /* FavoritesListViewController.h */ = {isa = PBXFileReference; fileEncoding = 4; lastKnownFileType = sourcecode.c.h; path = FavoritesListViewController.h; sourceTree = "<group>"; };
		C42F002B1CA43EE800A67FC7 /* FavoritesListViewController.m */ = {isa = PBXFileReference; fileEncoding = 4; lastKnownFileType = sourcecode.c.objc; path = FavoritesListViewController.m; sourceTree = "<group>"; };
		C47F64631C956B7B0065FC83 /* JerryBeautyPic.app */ = {isa = PBXFileReference; explicitFileType = wrapper.application; includeInIndex = 0; path = JerryBeautyPic.app; sourceTree = BUILT_PRODUCTS_DIR; };
		C47F64671C956B7B0065FC83 /* main.m */ = {isa = PBXFileReference; lastKnownFileType = sourcecode.c.objc; path = main.m; sourceTree = "<group>"; };
		C47F64691C956B7B0065FC83 /* AppDelegate.h */ = {isa = PBXFileReference; lastKnownFileType = sourcecode.c.h; path = AppDelegate.h; sourceTree = "<group>"; };
		C47F646A1C956B7B0065FC83 /* AppDelegate.m */ = {isa = PBXFileReference; lastKnownFileType = sourcecode.c.objc; path = AppDelegate.m; sourceTree = "<group>"; };
		C47F646C1C956B7B0065FC83 /* ViewController.h */ = {isa = PBXFileReference; lastKnownFileType = sourcecode.c.h; path = ViewController.h; sourceTree = "<group>"; };
		C47F646D1C956B7B0065FC83 /* ViewController.m */ = {isa = PBXFileReference; lastKnownFileType = sourcecode.c.objc; path = ViewController.m; sourceTree = "<group>"; };
		C47F64701C956B7B0065FC83 /* Base */ = {isa = PBXFileReference; lastKnownFileType = file.storyboard; name = Base; path = Base.lproj/Main.storyboard; sourceTree = "<group>"; };
		C47F64721C956B7B0065FC83 /* i.xcassets */ = {isa = PBXFileReference; lastKnownFileType = folder.assetcatalog; path = i.xcassets; sourceTree = "<group>"; };
		C47F64751C956B7B0065FC83 /* Base */ = {isa = PBXFileReference; lastKnownFileType = file.storyboard; name = Base; path = Base.lproj/LaunchScreen.storyboard; sourceTree = "<group>"; };
		C47F64771C956B7B0065FC83 /* Info.plist */ = {isa = PBXFileReference; lastKnownFileType = text.plist.xml; path = Info.plist; sourceTree = "<group>"; };
		C488EF901CA042D200FBADB2 /* ImageBlockModel.h */ = {isa = PBXFileReference; fileEncoding = 4; lastKnownFileType = sourcecode.c.h; path = ImageBlockModel.h; sourceTree = "<group>"; };
		C488EF911CA042D200FBADB2 /* ImageBlockModel.m */ = {isa = PBXFileReference; fileEncoding = 4; lastKnownFileType = sourcecode.c.objc; path = ImageBlockModel.m; sourceTree = "<group>"; };
		C488EF931CA051D600FBADB2 /* Header.h */ = {isa = PBXFileReference; lastKnownFileType = sourcecode.c.h; path = Header.h; sourceTree = "<group>"; };
		C488EF951CA06CBA00FBADB2 /* PishumToast.h */ = {isa = PBXFileReference; fileEncoding = 4; lastKnownFileType = sourcecode.c.h; path = PishumToast.h; sourceTree = "<group>"; };
		C488EF961CA06CBA00FBADB2 /* PishumToast.m */ = {isa = PBXFileReference; fileEncoding = 4; lastKnownFileType = sourcecode.c.objc; path = PishumToast.m; sourceTree = "<group>"; };
		C488EF991CA0701C00FBADB2 /* AMTumblrHud.h */ = {isa = PBXFileReference; fileEncoding = 4; lastKnownFileType = sourcecode.c.h; path = AMTumblrHud.h; sourceTree = "<group>"; };
		C488EF9A1CA0701C00FBADB2 /* AMTumblrHud.m */ = {isa = PBXFileReference; fileEncoding = 4; lastKnownFileType = sourcecode.c.objc; path = AMTumblrHud.m; sourceTree = "<group>"; };
		C498CE531C9B26F000985A2D /* Podfile */ = {isa = PBXFileReference; fileEncoding = 4; lastKnownFileType = text; path = Podfile; sourceTree = "<group>"; xcLanguageSpecificationIdentifier = xcode.lang.ruby; };
		C4ADCE0E1C9F021F00136ECD /* UIColor+Hex.h */ = {isa = PBXFileReference; fileEncoding = 4; lastKnownFileType = sourcecode.c.h; path = "UIColor+Hex.h"; sourceTree = "<group>"; };
		C4ADCE0F1C9F021F00136ECD /* UIColor+Hex.m */ = {isa = PBXFileReference; fileEncoding = 4; lastKnownFileType = sourcecode.c.objc; path = "UIColor+Hex.m"; sourceTree = "<group>"; };
		C4ADCE111C9F046F00136ECD /* BigImageViewController.h */ = {isa = PBXFileReference; fileEncoding = 4; lastKnownFileType = sourcecode.c.h; path = BigImageViewController.h; sourceTree = "<group>"; };
		C4ADCE121C9F046F00136ECD /* BigImageViewController.m */ = {isa = PBXFileReference; fileEncoding = 4; lastKnownFileType = sourcecode.c.objc; path = BigImageViewController.m; sourceTree = "<group>"; };
		C4EEA3021CA1AFD8001B1B93 /* FileOperationHelper.h */ = {isa = PBXFileReference; fileEncoding = 4; lastKnownFileType = sourcecode.c.h; path = FileOperationHelper.h; sourceTree = "<group>"; };
		C4EEA3031CA1AFD8001B1B93 /* FileOperationHelper.m */ = {isa = PBXFileReference; fileEncoding = 4; lastKnownFileType = sourcecode.c.objc; path = FileOperationHelper.m; sourceTree = "<group>"; };
		C4EEA3091CA1C78D001B1B93 /* InfoImageView.h */ = {isa = PBXFileReference; fileEncoding = 4; lastKnownFileType = sourcecode.c.h; path = InfoImageView.h; sourceTree = "<group>"; };
		C4EEA30A1CA1C78D001B1B93 /* InfoImageView.m */ = {isa = PBXFileReference; fileEncoding = 4; lastKnownFileType = sourcecode.c.objc; path = InfoImageView.m; sourceTree = "<group>"; };
		E78C3B833E8020D95F3B9610 /* libPods-JerryBeautyPic.a */ = {isa = PBXFileReference; explicitFileType = archive.ar; includeInIndex = 0; path = "libPods-JerryBeautyPic.a"; sourceTree = BUILT_PRODUCTS_DIR; };
		EEDA4C6FF5525C4CC69BD4A1 /* Pods-JerryBeautyPic.release.xcconfig */ = {isa = PBXFileReference; includeInIndex = 1; lastKnownFileType = text.xcconfig; name = "Pods-JerryBeautyPic.release.xcconfig"; path = "Pods/Target Support Files/Pods-JerryBeautyPic/Pods-JerryBeautyPic.release.xcconfig"; sourceTree = "<group>"; };
		F399344B1DD4486F22E0C24C /* Pods-JerryBeautyPic.debug.xcconfig */ = {isa = PBXFileReference; includeInIndex = 1; lastKnownFileType = text.xcconfig; name = "Pods-JerryBeautyPic.debug.xcconfig"; path = "Pods/Target Support Files/Pods-JerryBeautyPic/Pods-JerryBeautyPic.debug.xcconfig"; sourceTree = "<group>"; };
/* End PBXFileReference section */

/* Begin PBXFrameworksBuildPhase section */
		C47F64601C956B7B0065FC83 /* Frameworks */ = {
			isa = PBXFrameworksBuildPhase;
			buildActionMask = 2147483647;
			files = (
				A6787C9FBDC43EEDCD9C7004 /* libPods-JerryBeautyPic.a in Frameworks */,
			);
			runOnlyForDeploymentPostprocessing = 0;
		};
/* End PBXFrameworksBuildPhase section */

/* Begin PBXGroup section */
		68CCA4EEE510FDDD73951236 /* Pods */ = {
			isa = PBXGroup;
			children = (
				F399344B1DD4486F22E0C24C /* Pods-JerryBeautyPic.debug.xcconfig */,
				EEDA4C6FF5525C4CC69BD4A1 /* Pods-JerryBeautyPic.release.xcconfig */,
			);
			name = Pods;
			sourceTree = "<group>";
		};
		C47F645A1C956B7B0065FC83 = {
			isa = PBXGroup;
			children = (
				C498CE531C9B26F000985A2D /* Podfile */,
				C47F64651C956B7B0065FC83 /* JerryBeautyPic */,
				C47F64641C956B7B0065FC83 /* Products */,
				F1DBFB4FC3606D678172C95E /* Frameworks */,
				68CCA4EEE510FDDD73951236 /* Pods */,
			);
			sourceTree = "<group>";
		};
		C47F64641C956B7B0065FC83 /* Products */ = {
			isa = PBXGroup;
			children = (
				C47F64631C956B7B0065FC83 /* JerryBeautyPic.app */,
			);
			name = Products;
			sourceTree = "<group>";
		};
		C47F64651C956B7B0065FC83 /* JerryBeautyPic */ = {
			isa = PBXGroup;
			children = (
				C4ADCE141C9F1FED00136ECD /* Model */,
				C4ADCE0D1C9F01F700136ECD /* Tools */,
				C47F64691C956B7B0065FC83 /* AppDelegate.h */,
				C47F646A1C956B7B0065FC83 /* AppDelegate.m */,
				C47F646C1C956B7B0065FC83 /* ViewController.h */,
				C47F646D1C956B7B0065FC83 /* ViewController.m */,
				C42F002A1CA43EE800A67FC7 /* FavoritesListViewController.h */,
				C42F002B1CA43EE800A67FC7 /* FavoritesListViewController.m */,
				C4ADCE111C9F046F00136ECD /* BigImageViewController.h */,
				C4ADCE121C9F046F00136ECD /* BigImageViewController.m */,
				C47F646F1C956B7B0065FC83 /* Main.storyboard */,
				C47F64721C956B7B0065FC83 /* i.xcassets */,
				C47F64741C956B7B0065FC83 /* LaunchScreen.storyboard */,
				C47F64771C956B7B0065FC83 /* Info.plist */,
				C47F64661C956B7B0065FC83 /* Supporting Files */,
			);
			path = JerryBeautyPic;
			sourceTree = "<group>";
		};
		C47F64661C956B7B0065FC83 /* Supporting Files */ = {
			isa = PBXGroup;
			children = (
				C47F64671C956B7B0065FC83 /* main.m */,
			);
			name = "Supporting Files";
			sourceTree = "<group>";
		};
		C488EF941CA06CA800FBADB2 /* Toast */ = {
			isa = PBXGroup;
			children = (
				C488EF951CA06CBA00FBADB2 /* PishumToast.h */,
				C488EF961CA06CBA00FBADB2 /* PishumToast.m */,
			);
			name = Toast;
			sourceTree = "<group>";
		};
		C488EF981CA06FFA00FBADB2 /* LoadHud */ = {
			isa = PBXGroup;
			children = (
				C488EF991CA0701C00FBADB2 /* AMTumblrHud.h */,
				C488EF9A1CA0701C00FBADB2 /* AMTumblrHud.m */,
			);
			name = LoadHud;
			sourceTree = "<group>";
		};
		C4ADCE0D1C9F01F700136ECD /* Tools */ = {
			isa = PBXGroup;
			children = (
				C4EEA3051CA1BFE0001B1B93 /* Custom */,
				C4EEA3011CA1AFC1001B1B93 /* FileOperation */,
				C488EF981CA06FFA00FBADB2 /* LoadHud */,
				C488EF941CA06CA800FBADB2 /* Toast */,
				C488EF931CA051D600FBADB2 /* Header.h */,
			);
			name = Tools;
			sourceTree = "<group>";
		};
		C4ADCE141C9F1FED00136ECD /* Model */ = {
			isa = PBXGroup;
			children = (
				C488EF901CA042D200FBADB2 /* ImageBlockModel.h */,
				C488EF911CA042D200FBADB2 /* ImageBlockModel.m */,
			);
			name = Model;
			sourceTree = "<group>";
		};
		C4EEA3011CA1AFC1001B1B93 /* FileOperation */ = {
			isa = PBXGroup;
			children = (
				C4EEA3021CA1AFD8001B1B93 /* FileOperationHelper.h */,
				C4EEA3031CA1AFD8001B1B93 /* FileOperationHelper.m */,
			);
			name = FileOperation;
			sourceTree = "<group>";
		};
		C4EEA3051CA1BFE0001B1B93 /* Custom */ = {
			isa = PBXGroup;
			children = (
				C40013A21CC3EBC900B05939 /* Reachability.h */,
				C40013A31CC3EBC900B05939 /* Reachability.m */,
				C4ADCE0E1C9F021F00136ECD /* UIColor+Hex.h */,
				C4ADCE0F1C9F021F00136ECD /* UIColor+Hex.m */,
				C4EEA3091CA1C78D001B1B93 /* InfoImageView.h */,
				C4EEA30A1CA1C78D001B1B93 /* InfoImageView.m */,
				C400139F1CC3E88600B05939 /* InternetTool.h */,
				C40013A01CC3E88600B05939 /* InternetTool.m */,
				C40013A81CC7E96500B05939 /* LoadingAnimation.h */,
				C40013A91CC7E96500B05939 /* LoadingAnimation.m */,
			);
			name = Custom;
			sourceTree = "<group>";
		};
		F1DBFB4FC3606D678172C95E /* Frameworks */ = {
			isa = PBXGroup;
			children = (
				C400139D1CC3E70700B05939 /* SystemConfiguration.framework */,
				E78C3B833E8020D95F3B9610 /* libPods-JerryBeautyPic.a */,
			);
			name = Frameworks;
			sourceTree = "<group>";
		};
/* End PBXGroup section */

/* Begin PBXNativeTarget section */
		C47F64621C956B7B0065FC83 /* JerryBeautyPic */ = {
			isa = PBXNativeTarget;
			buildConfigurationList = C47F647A1C956B7B0065FC83 /* Build configuration list for PBXNativeTarget "JerryBeautyPic" */;
			buildPhases = (
				1E9082CEDECAD243B1A5F0D0 /* [CP] Check Pods Manifest.lock */,
				C47F645F1C956B7B0065FC83 /* Sources */,
				C47F64601C956B7B0065FC83 /* Frameworks */,
				C47F64611C956B7B0065FC83 /* Resources */,
				F9191E90BE69B50ACC999AFC /* [CP] Embed Pods Frameworks */,
				8799A377739B7434B12E96C7 /* [CP] Copy Pods Resources */,
			);
			buildRules = (
			);
			dependencies = (
			);
			name = JerryBeautyPic;
			productName = JerryBeautyPic;
			productReference = C47F64631C956B7B0065FC83 /* JerryBeautyPic.app */;
			productType = "com.apple.product-type.application";
		};
/* End PBXNativeTarget section */

/* Begin PBXProject section */
		C47F645B1C956B7B0065FC83 /* Project object */ = {
			isa = PBXProject;
			attributes = {
				LastUpgradeCheck = 0800;
				ORGANIZATIONNAME = Jerry;
				TargetAttributes = {
					C47F64621C956B7B0065FC83 = {
						CreatedOnToolsVersion = 7.1.1;
						DevelopmentTeam = 2SV488327T;
					};
				};
			};
			buildConfigurationList = C47F645E1C956B7B0065FC83 /* Build configuration list for PBXProject "JerryBeautyPic" */;
			compatibilityVersion = "Xcode 3.2";
			developmentRegion = English;
			hasScannedForEncodings = 0;
			knownRegions = (
				en,
				Base,
			);
			mainGroup = C47F645A1C956B7B0065FC83;
			productRefGroup = C47F64641C956B7B0065FC83 /* Products */;
			projectDirPath = "";
			projectRoot = "";
			targets = (
				C47F64621C956B7B0065FC83 /* JerryBeautyPic */,
			);
		};
/* End PBXProject section */

/* Begin PBXResourcesBuildPhase section */
		C47F64611C956B7B0065FC83 /* Resources */ = {
			isa = PBXResourcesBuildPhase;
			buildActionMask = 2147483647;
			files = (
				C47F64761C956B7B0065FC83 /* LaunchScreen.storyboard in Resources */,
				C47F64731C956B7B0065FC83 /* i.xcassets in Resources */,
				C498CE541C9B26F000985A2D /* Podfile in Resources */,
				C47F64711C956B7B0065FC83 /* Main.storyboard in Resources */,
			);
			runOnlyForDeploymentPostprocessing = 0;
		};
/* End PBXResourcesBuildPhase section */

/* Begin PBXShellScriptBuildPhase section */
		1E9082CEDECAD243B1A5F0D0 /* [CP] Check Pods Manifest.lock */ = {
			isa = PBXShellScriptBuildPhase;
			buildActionMask = 2147483647;
			files = (
			);
			inputPaths = (
				"${PODS_PODFILE_DIR_PATH}/Podfile.lock",
				"${PODS_ROOT}/Manifest.lock",
			);
			name = "[CP] Check Pods Manifest.lock";
			outputPaths = (
				"$(DERIVED_FILE_DIR)/Pods-JerryBeautyPic-checkManifestLockResult.txt",
			);
			runOnlyForDeploymentPostprocessing = 0;
			shellPath = /bin/sh;
			shellScript = "diff \"${PODS_PODFILE_DIR_PATH}/Podfile.lock\" \"${PODS_ROOT}/Manifest.lock\" > /dev/null\nif [ $? != 0 ] ; then\n    # print error to STDERR\n    echo \"error: The sandbox is not in sync with the Podfile.lock. Run 'pod install' or update your CocoaPods installation.\" >&2\n    exit 1\nfi\n# This output is used by Xcode 'outputs' to avoid re-running this script phase.\necho \"SUCCESS\" > \"${SCRIPT_OUTPUT_FILE_0}\"\n";
			showEnvVarsInLog = 0;
		};
		8799A377739B7434B12E96C7 /* [CP] Copy Pods Resources */ = {
			isa = PBXShellScriptBuildPhase;
			buildActionMask = 2147483647;
			files = (
			);
			inputPaths = (
				"${SRCROOT}/Pods/Target Support Files/Pods-JerryBeautyPic/Pods-JerryBeautyPic-resources.sh",
				"${PODS_ROOT}/MJRefresh/MJRefresh/MJRefresh.bundle",
			);
			name = "[CP] Copy Pods Resources";
			outputPaths = (
				"${TARGET_BUILD_DIR}/${UNLOCALIZED_RESOURCES_FOLDER_PATH}",
			);
			runOnlyForDeploymentPostprocessing = 0;
			shellPath = /bin/sh;
			shellScript = "\"${SRCROOT}/Pods/Target Support Files/Pods-JerryBeautyPic/Pods-JerryBeautyPic-resources.sh\"\n";
			showEnvVarsInLog = 0;
		};
		F9191E90BE69B50ACC999AFC /* [CP] Embed Pods Frameworks */ = {
			isa = PBXShellScriptBuildPhase;
			buildActionMask = 2147483647;
			files = (
			);
			inputPaths = (
			);
			name = "[CP] Embed Pods Frameworks";
			outputPaths = (
			);
			runOnlyForDeploymentPostprocessing = 0;
			shellPath = /bin/sh;
			shellScript = "\"${SRCROOT}/Pods/Target Support Files/Pods-JerryBeautyPic/Pods-JerryBeautyPic-frameworks.sh\"\n";
			showEnvVarsInLog = 0;
		};
/* End PBXShellScriptBuildPhase section */

/* Begin PBXSourcesBuildPhase section */
		C47F645F1C956B7B0065FC83 /* Sources */ = {
			isa = PBXSourcesBuildPhase;
			buildActionMask = 2147483647;
			files = (
				C40013A41CC3EBC900B05939 /* Reachability.m in Sources */,
				C40013A11CC3E88600B05939 /* InternetTool.m in Sources */,
				C47F646E1C956B7B0065FC83 /* ViewController.m in Sources */,
				C40013AA1CC7E96500B05939 /* LoadingAnimation.m in Sources */,
				C4EEA3041CA1AFD8001B1B93 /* FileOperationHelper.m in Sources */,
				C4ADCE101C9F021F00136ECD /* UIColor+Hex.m in Sources */,
				C4ADCE131C9F046F00136ECD /* BigImageViewController.m in Sources */,
				C4EEA30B1CA1C78D001B1B93 /* InfoImageView.m in Sources */,
				C42F002C1CA43EE800A67FC7 /* FavoritesListViewController.m in Sources */,
				C47F646B1C956B7B0065FC83 /* AppDelegate.m in Sources */,
				C47F64681C956B7B0065FC83 /* main.m in Sources */,
				C488EF9B1CA0701C00FBADB2 /* AMTumblrHud.m in Sources */,
				C488EF921CA042D200FBADB2 /* ImageBlockModel.m in Sources */,
				C488EF971CA06CBA00FBADB2 /* PishumToast.m in Sources */,
			);
			runOnlyForDeploymentPostprocessing = 0;
		};
/* End PBXSourcesBuildPhase section */

/* Begin PBXVariantGroup section */
		C47F646F1C956B7B0065FC83 /* Main.storyboard */ = {
			isa = PBXVariantGroup;
			children = (
				C47F64701C956B7B0065FC83 /* Base */,
			);
			name = Main.storyboard;
			sourceTree = "<group>";
		};
		C47F64741C956B7B0065FC83 /* LaunchScreen.storyboard */ = {
			isa = PBXVariantGroup;
			children = (
				C47F64751C956B7B0065FC83 /* Base */,
			);
			name = LaunchScreen.storyboard;
			sourceTree = "<group>";
		};
/* End PBXVariantGroup section */

/* Begin XCBuildConfiguration section */
		C47F64781C956B7B0065FC83 /* Debug */ = {
			isa = XCBuildConfiguration;
			buildSettings = {
				ALWAYS_SEARCH_USER_PATHS = NO;
				CLANG_CXX_LANGUAGE_STANDARD = "gnu++0x";
				CLANG_CXX_LIBRARY = "libc++";
				CLANG_ENABLE_MODULES = YES;
				CLANG_ENABLE_OBJC_ARC = YES;
				CLANG_WARN_BOOL_CONVERSION = YES;
				CLANG_WARN_CONSTANT_CONVERSION = YES;
				CLANG_WARN_DIRECT_OBJC_ISA_USAGE = YES_ERROR;
				CLANG_WARN_EMPTY_BODY = YES;
				CLANG_WARN_ENUM_CONVERSION = YES;
				CLANG_WARN_INFINITE_RECURSION = YES;
				CLANG_WARN_INT_CONVERSION = YES;
				CLANG_WARN_OBJC_ROOT_CLASS = YES_ERROR;
				CLANG_WARN_SUSPICIOUS_MOVE = YES;
				CLANG_WARN_UNREACHABLE_CODE = YES;
				CLANG_WARN__DUPLICATE_METHOD_MATCH = YES;
				CODE_SIGN_IDENTITY = "iPhone Developer";
				"CODE_SIGN_IDENTITY[sdk=iphoneos*]" = "iPhone Developer";
				COPY_PHASE_STRIP = NO;
				DEBUG_INFORMATION_FORMAT = dwarf;
				DEVELOPMENT_TEAM = 2SV488327T;
				ENABLE_STRICT_OBJC_MSGSEND = YES;
				ENABLE_TESTABILITY = YES;
				GCC_C_LANGUAGE_STANDARD = gnu99;
				GCC_DYNAMIC_NO_PIC = NO;
				GCC_NO_COMMON_BLOCKS = YES;
				GCC_OPTIMIZATION_LEVEL = 0;
				GCC_PREPROCESSOR_DEFINITIONS = (
					"DEBUG=1",
					"$(inherited)",
				);
				GCC_WARN_64_TO_32_BIT_CONVERSION = YES;
				GCC_WARN_ABOUT_RETURN_TYPE = YES_ERROR;
				GCC_WARN_UNDECLARED_SELECTOR = YES;
				GCC_WARN_UNINITIALIZED_AUTOS = YES_AGGRESSIVE;
				GCC_WARN_UNUSED_FUNCTION = YES;
				GCC_WARN_UNUSED_VARIABLE = YES;
				IPHONEOS_DEPLOYMENT_TARGET = 9.1;
				MTL_ENABLE_DEBUG_INFO = YES;
				ONLY_ACTIVE_ARCH = YES;
				SDKROOT = iphoneos;
			};
			name = Debug;
		};
		C47F64791C956B7B0065FC83 /* Release */ = {
			isa = XCBuildConfiguration;
			buildSettings = {
				ALWAYS_SEARCH_USER_PATHS = NO;
				CLANG_CXX_LANGUAGE_STANDARD = "gnu++0x";
				CLANG_CXX_LIBRARY = "libc++";
				CLANG_ENABLE_MODULES = YES;
				CLANG_ENABLE_OBJC_ARC = YES;
				CLANG_WARN_BOOL_CONVERSION = YES;
				CLANG_WARN_CONSTANT_CONVERSION = YES;
				CLANG_WARN_DIRECT_OBJC_ISA_USAGE = YES_ERROR;
				CLANG_WARN_EMPTY_BODY = YES;
				CLANG_WARN_ENUM_CONVERSION = YES;
				CLANG_WARN_INFINITE_RECURSION = YES;
				CLANG_WARN_INT_CONVERSION = YES;
				CLANG_WARN_OBJC_ROOT_CLASS = YES_ERROR;
				CLANG_WARN_SUSPICIOUS_MOVE = YES;
				CLANG_WARN_UNREACHABLE_CODE = YES;
				CLANG_WARN__DUPLICATE_METHOD_MATCH = YES;
				CODE_SIGN_IDENTITY = "iPhone Developer";
				"CODE_SIGN_IDENTITY[sdk=iphoneos*]" = "iPhone Developer";
				COPY_PHASE_STRIP = NO;
				DEBUG_INFORMATION_FORMAT = "dwarf-with-dsym";
				DEVELOPMENT_TEAM = 2SV488327T;
				ENABLE_NS_ASSERTIONS = NO;
				ENABLE_STRICT_OBJC_MSGSEND = YES;
				GCC_C_LANGUAGE_STANDARD = gnu99;
				GCC_NO_COMMON_BLOCKS = YES;
				GCC_WARN_64_TO_32_BIT_CONVERSION = YES;
				GCC_WARN_ABOUT_RETURN_TYPE = YES_ERROR;
				GCC_WARN_UNDECLARED_SELECTOR = YES;
				GCC_WARN_UNINITIALIZED_AUTOS = YES_AGGRESSIVE;
				GCC_WARN_UNUSED_FUNCTION = YES;
				GCC_WARN_UNUSED_VARIABLE = YES;
				IPHONEOS_DEPLOYMENT_TARGET = 9.1;
				MTL_ENABLE_DEBUG_INFO = NO;
				SDKROOT = iphoneos;
				VALIDATE_PRODUCT = YES;
			};
			name = Release;
		};
		C47F647B1C956B7B0065FC83 /* Debug */ = {
			isa = XCBuildConfiguration;
			baseConfigurationReference = F399344B1DD4486F22E0C24C /* Pods-JerryBeautyPic.debug.xcconfig */;
			buildSettings = {
				ASSETCATALOG_COMPILER_APPICON_NAME = AppIcon;
				CODE_SIGN_IDENTITY = "iPhone Distribution";
				"CODE_SIGN_IDENTITY[sdk=iphoneos*]" = "iPhone Developer";
				DEVELOPMENT_TEAM = 2SV488327T;
				ENABLE_BITCODE = NO;
				INFOPLIST_FILE = JerryBeautyPic/Info.plist;
				LD_RUNPATH_SEARCH_PATHS = "$(inherited) @executable_path/Frameworks";
				PRODUCT_BUNDLE_IDENTIFIER = com.jerry.beautyGallery;
				PRODUCT_NAME = "$(TARGET_NAME)";
				PROVISIONING_PROFILE = "";
			};
			name = Debug;
		};
		C47F647C1C956B7B0065FC83 /* Release */ = {
			isa = XCBuildConfiguration;
			baseConfigurationReference = EEDA4C6FF5525C4CC69BD4A1 /* Pods-JerryBeautyPic.release.xcconfig */;
			buildSettings = {
				ASSETCATALOG_COMPILER_APPICON_NAME = AppIcon;
				CODE_SIGN_IDENTITY = "iPhone Distribution";
				"CODE_SIGN_IDENTITY[sdk=iphoneos*]" = "iPhone Developer";
				DEVELOPMENT_TEAM = 2SV488327T;
				ENABLE_BITCODE = NO;
				INFOPLIST_FILE = JerryBeautyPic/Info.plist;
				LD_RUNPATH_SEARCH_PATHS = "$(inherited) @executable_path/Frameworks";
				PRODUCT_BUNDLE_IDENTIFIER = com.jerry.beautyGallery;
				PRODUCT_NAME = "$(TARGET_NAME)";
				PROVISIONING_PROFILE = "";
			};
			name = Release;
		};
/* End XCBuildConfiguration section */

/* Begin XCConfigurationList section */
		C47F645E1C956B7B0065FC83 /* Build configuration list for PBXProject "JerryBeautyPic" */ = {
			isa = XCConfigurationList;
			buildConfigurations = (
				C47F64781C956B7B0065FC83 /* Debug */,
				C47F64791C956B7B0065FC83 /* Release */,
			);
			defaultConfigurationIsVisible = 0;
			defaultConfigurationName = Release;
		};
		C47F647A1C956B7B0065FC83 /* Build configuration list for PBXNativeTarget "JerryBeautyPic" */ = {
			isa = XCConfigurationList;
			buildConfigurations = (
				C47F647B1C956B7B0065FC83 /* Debug */,
				C47F647C1C956B7B0065FC83 /* Release */,
			);
			defaultConfigurationIsVisible = 0;
			defaultConfigurationName = Release;
		};
/* End XCConfigurationList section */
	};
	rootObject = C47F645B1C956B7B0065FC83 /* Project object */;
}
